
Microsoft Visual Studio Solution File, Format Version 12.00
# Visual Studio Version 17
VisualStudioVersion = 17.5.33530.505
MinimumVisualStudioVersion = 10.0.40219.1
Project("{FAE04EC0-301F-11D3-BF4B-00C04F79EFBC}") = "Repository", "Repository\Repository.csproj", "{BE528BE3-2A95-4222-8A43-B292C8C3DB73}"
EndProject
Project("{FAE04EC0-301F-11D3-BF4B-00C04F79EFBC}") = "Service", "Service\Service.csproj", "{3F04080B-1F08-46CC-ABE9-A6CBB275B22D}"
EndProject
Project("{FAE04EC0-301F-11D3-BF4B-00C04F79EFBC}") = "WebForms", "WebForms\WebForms.csproj", "{D738A2B5-DFD1-4DB6-95BF-69636A7A19E4}"
EndProject
Project("{FAE04EC0-301F-11D3-BF4B-00C04F79EFBC}") = "MSTest.Test", "MSTest.Test\MSTest.Test.csproj", "{620EF95A-4369-4E84-B762-DCE63AA1423C}"
EndProject
Project("{2150E333-8FDC-42A3-9474-1A3956D46DE8}") = "SolutionItems", "SolutionItems", "{D6360634-E964-4377-977B-401F34C7795F}"
	ProjectSection(SolutionItems) = preProject
		README.md = README.md
		Repository\_DatabaseScripts.sql = Repository\_DatabaseScripts.sql
	EndProjectSection
EndProject
Global
	GlobalSection(SolutionConfigurationPlatforms) = preSolution
		Debug|Any CPU = Debug|Any CPU
		Release|Any CPU = Release|Any CPU
	EndGlobalSection
	GlobalSection(ProjectConfigurationPlatforms) = postSolution
		{BE528BE3-2A95-4222-8A43-B292C8C3DB73}.Debug|Any CPU.ActiveCfg = Debug|Any CPU
		{BE528BE3-2A95-4222-8A43-B292C8C3DB73}.Debug|Any CPU.Build.0 = Debug|Any CPU
		{BE528BE3-2A95-4222-8A43-B292C8C3DB73}.Release|Any CPU.ActiveCfg = Release|Any CPU
		{BE528BE3-2A95-4222-8A43-B292C8C3DB73}.Release|Any CPU.Build.0 = Release|Any CPU
		{3F04080B-1F08-46CC-ABE9-A6CBB275B22D}.Debug|Any CPU.ActiveCfg = Debug|Any CPU
		{3F04080B-1F08-46CC-ABE9-A6CBB275B22D}.Debug|Any CPU.Build.0 = Debug|Any CPU
		{3F04080B-1F08-46CC-ABE9-A6CBB275B22D}.Release|Any CPU.ActiveCfg = Release|Any CPU
		{3F04080B-1F08-46CC-ABE9-A6CBB275B22D}.Release|Any CPU.Build.0 = Release|Any CPU
		{D738A2B5-DFD1-4DB6-95BF-69636A7A19E4}.Debug|Any CPU.ActiveCfg = Debug|Any CPU
		{D738A2B5-DFD1-4DB6-95BF-69636A7A19E4}.Debug|Any CPU.Build.0 = Debug|Any CPU
		{D738A2B5-DFD1-4DB6-95BF-69636A7A19E4}.Release|Any CPU.ActiveCfg = Release|Any CPU
		{D738A2B5-DFD1-4DB6-95BF-69636A7A19E4}.Release|Any CPU.Build.0 = Release|Any CPU
		{620EF95A-4369-4E84-B762-DCE63AA1423C}.Debug|Any CPU.ActiveCfg = Debug|Any CPU
		{620EF95A-4369-4E84-B762-DCE63AA1423C}.Debug|Any CPU.Build.0 = Debug|Any CPU
		{620EF95A-4369-4E84-B762-DCE63AA1423C}.Release|Any CPU.ActiveCfg = Release|Any CPU
		{620EF95A-4369-4E84-B762-DCE63AA1423C}.Release|Any CPU.Build.0 = Release|Any CPU
	EndGlobalSection
	GlobalSection(SolutionProperties) = preSolution
		HideSolutionNode = FALSE
	EndGlobalSection
	GlobalSection(ExtensibilityGlobals) = postSolution
		SolutionGuid = {27A1C644-1A60-4FE8-9909-5F25EE29F89F}
	EndGlobalSection
EndGlobal
